
Microsoft Visual Studio Solution File, Format Version 12.00
# Visual Studio for Mac
Project("{FAE04EC0-301F-11D3-BF4B-00C04F79EFBC}") = "Assembly-CSharp", "Assembly-CSharp.csproj", "{A6A8B71D-6D6B-4F69-DB29-7B3F69A21012}"
EndProject
Project("{FAE04EC0-301F-11D3-BF4B-00C04F79EFBC}") = "Assembly-CSharp-Editor", "Assembly-CSharp-Editor.csproj", "{468DC61F-3544-9FBC-45BB-D083A754C97B}"
EndProject
Global
	GlobalSection(SolutionConfigurationPlatforms) = preSolution
		Debug|Any CPU = Debug|Any CPU
		Release|Any CPU = Release|Any CPU
	EndGlobalSection
	GlobalSection(ProjectConfigurationPlatforms) = postSolution
		{A6A8B71D-6D6B-4F69-DB29-7B3F69A21012}.Debug|Any CPU.ActiveCfg = Debug|Any CPU
		{A6A8B71D-6D6B-4F69-DB29-7B3F69A21012}.Debug|Any CPU.Build.0 = Debug|Any CPU
		{A6A8B71D-6D6B-4F69-DB29-7B3F69A21012}.Release|Any CPU.ActiveCfg = Release|Any CPU
		{A6A8B71D-6D6B-4F69-DB29-7B3F69A21012}.Release|Any CPU.Build.0 = Release|Any CPU
		{468DC61F-3544-9FBC-45BB-D083A754C97B}.Debug|Any CPU.ActiveCfg = Debug|Any CPU
		{468DC61F-3544-9FBC-45BB-D083A754C97B}.Debug|Any CPU.Build.0 = Debug|Any CPU
		{468DC61F-3544-9FBC-45BB-D083A754C97B}.Release|Any CPU.ActiveCfg = Release|Any CPU
		{468DC61F-3544-9FBC-45BB-D083A754C97B}.Release|Any CPU.Build.0 = Release|Any CPU
	EndGlobalSection
	GlobalSection(SolutionProperties) = preSolution
		HideSolutionNode = FALSE
	EndGlobalSection
EndGlobal
